
Microsoft Visual Studio Solution File, Format Version 12.00
# Visual Studio Version 17
VisualStudioVersion = 17.14.36401.2 d17.14
MinimumVisualStudioVersion = 10.0.40219.1
Project("{FAE04EC0-301F-11D3-BF4B-00C04F79EFBC}") = "33.Modular3", "33.Modular3.csproj", "{7D0E04D6-1F24-4447-A912-2A9017BD9D16}"
EndProject
Global
	GlobalSection(SolutionConfigurationPlatforms) = preSolution
		Debug|Any CPU = Debug|Any CPU
		Release|Any CPU = Release|Any CPU
	EndGlobalSection
	GlobalSection(ProjectConfigurationPlatforms) = postSolution
		{7D0E04D6-1F24-4447-A912-2A9017BD9D16}.Debug|Any CPU.ActiveCfg = Debug|Any CPU
		{7D0E04D6-1F24-4447-A912-2A9017BD9D16}.Debug|Any CPU.Build.0 = Debug|Any CPU
		{7D0E04D6-1F24-4447-A912-2A9017BD9D16}.Release|Any CPU.ActiveCfg = Release|Any CPU
		{7D0E04D6-1F24-4447-A912-2A9017BD9D16}.Release|Any CPU.Build.0 = Release|Any CPU
	EndGlobalSection
	GlobalSection(SolutionProperties) = preSolution
		HideSolutionNode = FALSE
	EndGlobalSection
	GlobalSection(ExtensibilityGlobals) = postSolution
		SolutionGuid = {7711A787-A124-4E3A-92B7-EBEB99C222B5}
	EndGlobalSection
EndGlobal
