
Microsoft Visual Studio Solution File, Format Version 12.00
# Visual Studio Version 17
VisualStudioVersion = 17.14.36401.2 d17.14
MinimumVisualStudioVersion = 10.0.40219.1
Project("{FAE04EC0-301F-11D3-BF4B-00C04F79EFBC}") = "22.TallerCiclos", "22.TallerCiclos.csproj", "{F3C5296A-1B8A-4E4A-B952-4D19B97876E6}"
EndProject
Global
	GlobalSection(SolutionConfigurationPlatforms) = preSolution
		Debug|Any CPU = Debug|Any CPU
		Release|Any CPU = Release|Any CPU
	EndGlobalSection
	GlobalSection(ProjectConfigurationPlatforms) = postSolution
		{F3C5296A-1B8A-4E4A-B952-4D19B97876E6}.Debug|Any CPU.ActiveCfg = Debug|Any CPU
		{F3C5296A-1B8A-4E4A-B952-4D19B97876E6}.Debug|Any CPU.Build.0 = Debug|Any CPU
		{F3C5296A-1B8A-4E4A-B952-4D19B97876E6}.Release|Any CPU.ActiveCfg = Release|Any CPU
		{F3C5296A-1B8A-4E4A-B952-4D19B97876E6}.Release|Any CPU.Build.0 = Release|Any CPU
	EndGlobalSection
	GlobalSection(SolutionProperties) = preSolution
		HideSolutionNode = FALSE
	EndGlobalSection
	GlobalSection(ExtensibilityGlobals) = postSolution
		SolutionGuid = {7B2C9980-B23A-4DF4-B2B1-8E3FABBF2A54}
	EndGlobalSection
EndGlobal
