
Microsoft Visual Studio Solution File, Format Version 12.00
# Visual Studio Version 17
VisualStudioVersion = 17.14.36401.2 d17.14
MinimumVisualStudioVersion = 10.0.40219.1
Project("{FAE04EC0-301F-11D3-BF4B-00C04F79EFBC}") = "5.CondicionalAnidado", "5.CondicionalAnidado.csproj", "{8C8BC0D2-372B-415D-800E-658181CC64DB}"
EndProject
Global
	GlobalSection(SolutionConfigurationPlatforms) = preSolution
		Debug|Any CPU = Debug|Any CPU
		Release|Any CPU = Release|Any CPU
	EndGlobalSection
	GlobalSection(ProjectConfigurationPlatforms) = postSolution
		{8C8BC0D2-372B-415D-800E-658181CC64DB}.Debug|Any CPU.ActiveCfg = Debug|Any CPU
		{8C8BC0D2-372B-415D-800E-658181CC64DB}.Debug|Any CPU.Build.0 = Debug|Any CPU
		{8C8BC0D2-372B-415D-800E-658181CC64DB}.Release|Any CPU.ActiveCfg = Release|Any CPU
		{8C8BC0D2-372B-415D-800E-658181CC64DB}.Release|Any CPU.Build.0 = Release|Any CPU
	EndGlobalSection
	GlobalSection(SolutionProperties) = preSolution
		HideSolutionNode = FALSE
	EndGlobalSection
	GlobalSection(ExtensibilityGlobals) = postSolution
		SolutionGuid = {D85C317E-82C9-490E-B349-28E44A7EB6FD}
	EndGlobalSection
EndGlobal
