
Microsoft Visual Studio Solution File, Format Version 12.00
# Visual Studio Version 17
VisualStudioVersion = 17.14.36401.2 d17.14
MinimumVisualStudioVersion = 10.0.40219.1
Project("{FAE04EC0-301F-11D3-BF4B-00C04F79EFBC}") = "ParcialProgramaciónIsabelAlfaro", "ParcialProgramaciónIsabelAlfaro.csproj", "{433A10DA-B670-4AA2-9B65-94AC319080B0}"
EndProject
Global
	GlobalSection(SolutionConfigurationPlatforms) = preSolution
		Debug|Any CPU = Debug|Any CPU
		Release|Any CPU = Release|Any CPU
	EndGlobalSection
	GlobalSection(ProjectConfigurationPlatforms) = postSolution
		{433A10DA-B670-4AA2-9B65-94AC319080B0}.Debug|Any CPU.ActiveCfg = Debug|Any CPU
		{433A10DA-B670-4AA2-9B65-94AC319080B0}.Debug|Any CPU.Build.0 = Debug|Any CPU
		{433A10DA-B670-4AA2-9B65-94AC319080B0}.Release|Any CPU.ActiveCfg = Release|Any CPU
		{433A10DA-B670-4AA2-9B65-94AC319080B0}.Release|Any CPU.Build.0 = Release|Any CPU
	EndGlobalSection
	GlobalSection(SolutionProperties) = preSolution
		HideSolutionNode = FALSE
	EndGlobalSection
	GlobalSection(ExtensibilityGlobals) = postSolution
		SolutionGuid = {60EC78A5-FC49-4D80-9751-169B198E2F28}
	EndGlobalSection
EndGlobal
