
Microsoft Visual Studio Solution File, Format Version 12.00
# Visual Studio Version 17
VisualStudioVersion = 17.14.36401.2 d17.14
MinimumVisualStudioVersion = 10.0.40219.1
Project("{FAE04EC0-301F-11D3-BF4B-00C04F79EFBC}") = "32. Modular2", "32. Modular2.csproj", "{302CFFDF-3CDB-4289-8DAE-A6903004BB86}"
EndProject
Global
	GlobalSection(SolutionConfigurationPlatforms) = preSolution
		Debug|Any CPU = Debug|Any CPU
		Release|Any CPU = Release|Any CPU
	EndGlobalSection
	GlobalSection(ProjectConfigurationPlatforms) = postSolution
		{302CFFDF-3CDB-4289-8DAE-A6903004BB86}.Debug|Any CPU.ActiveCfg = Debug|Any CPU
		{302CFFDF-3CDB-4289-8DAE-A6903004BB86}.Debug|Any CPU.Build.0 = Debug|Any CPU
		{302CFFDF-3CDB-4289-8DAE-A6903004BB86}.Release|Any CPU.ActiveCfg = Release|Any CPU
		{302CFFDF-3CDB-4289-8DAE-A6903004BB86}.Release|Any CPU.Build.0 = Release|Any CPU
	EndGlobalSection
	GlobalSection(SolutionProperties) = preSolution
		HideSolutionNode = FALSE
	EndGlobalSection
	GlobalSection(ExtensibilityGlobals) = postSolution
		SolutionGuid = {FF0BEBF3-06C3-4CCF-886A-68422BB5F02F}
	EndGlobalSection
EndGlobal
